{
  "originHash" : "0f1f1e3e3a520c0bacb316b80f45fc0d3bfde4a39bcd682d2d2cb20d0c323941",
  "pins" : [
    {
      "identity" : "capacitor-swift-pm",
      "kind" : "remoteSourceControl",
      "location" : "https://github.com/ionic-team/capacitor-swift-pm.git",
      "state" : {
        "revision" : "596259033e94829dffc552a40e7129262122995e",
        "version" : "8.0.0"
      }
    },
    {
      "identity" : "purchases-hybrid-common",
      "kind" : "remoteSourceControl",
      "location" : "https://github.com/RevenueCat/purchases-hybrid-common.git",
      "state" : {
        "revision" : "328aed1653e8f710199e125e075a4a379b723d07",
        "version" : "17.27.1"
      }
    },
    {
      "identity" : "purchases-ios-spm",
      "kind" : "remoteSourceControl",
      "location" : "https://github.com/RevenueCat/purchases-ios-spm",
      "state" : {
        "revision" : "a0ab2cac1995202f9b554de5e3573f28eb30edab",
        "version" : "5.54.1"
      }
    }
  ],
  "version" : 3
}
